// !$*UTF8*$!
{
	archiveVersion = 1;
	classes = {
	};
	objectVersion = 55;
	objects = {

/* Begin PBXBuildFile section */
		17159387284D19CB00CAAE80 /* CustomHabitCell.swift in Sources */ = {isa = PBXBuildFile; fileRef = 17159386284D19CB00CAAE80 /* CustomHabitCell.swift */; };
		1715938A284D3B9000CAAE80 /* HabitsViewController.swift in Sources */ = {isa = PBXBuildFile; fileRef = 17159389284D3B9000CAAE80 /* HabitsViewController.swift */; };
		1715938F284D850000CAAE80 /* CustomTextField.swift in Sources */ = {isa = PBXBuildFile; fileRef = 1715938E284D850000CAAE80 /* CustomTextField.swift */; };
		17159391284D88A500CAAE80 /* CustomButton.swift in Sources */ = {isa = PBXBuildFile; fileRef = 17159390284D88A500CAAE80 /* CustomButton.swift */; };
		17159393284D8A6900CAAE80 /* CustomOnboardLabel.swift in Sources */ = {isa = PBXBuildFile; fileRef = 17159392284D8A6900CAAE80 /* CustomOnboardLabel.swift */; };
		17159397284DA59800CAAE80 /* AppModel.xcdatamodeld in Sources */ = {isa = PBXBuildFile; fileRef = 17159395284DA59800CAAE80 /* AppModel.xcdatamodeld */; };
		17159399284DB78300CAAE80 /* DayModel.swift in Sources */ = {isa = PBXBuildFile; fileRef = 17159398284DB78300CAAE80 /* DayModel.swift */; };
		1715939B284DB8FE00CAAE80 /* DayDAO.swift in Sources */ = {isa = PBXBuildFile; fileRef = 1715939A284DB8FE00CAAE80 /* DayDAO.swift */; };
		173813D52859864000857286 /* OnboardViewController.swift in Sources */ = {isa = PBXBuildFile; fileRef = 173813D42859864000857286 /* OnboardViewController.swift */; };
		173813D7285A2B6500857286 /* LaunchDummy.storyboard in Resources */ = {isa = PBXBuildFile; fileRef = 173813D6285A2B6500857286 /* LaunchDummy.storyboard */; };
		173813D9285A2D4F00857286 /* LaunchDummyViewController.swift in Sources */ = {isa = PBXBuildFile; fileRef = 173813D8285A2D4F00857286 /* LaunchDummyViewController.swift */; };
		173C8E2C284BA0290004513F /* Onboard.storyboard in Resources */ = {isa = PBXBuildFile; fileRef = 173C8E2B284BA0290004513F /* Onboard.storyboard */; };
		17736AF92862D85E007AF6F8 /* CustomCollectionViewCell.swift in Sources */ = {isa = PBXBuildFile; fileRef = 17736AF82862D85E007AF6F8 /* CustomCollectionViewCell.swift */; };
		179D5739284A5CD8006E9927 /* LaunchScreen.storyboard in Resources */ = {isa = PBXBuildFile; fileRef = 179D5738284A5CD8006E9927 /* LaunchScreen.storyboard */; };
		51058613284509F4005D25C0 /* CardDetailModel.swift in Sources */ = {isa = PBXBuildFile; fileRef = 51058612284509F4005D25C0 /* CardDetailModel.swift */; };
		512DC98C282D9EBF0056C81A /* AppDelegate.swift in Sources */ = {isa = PBXBuildFile; fileRef = 512DC98B282D9EBF0056C81A /* AppDelegate.swift */; };
		512DC98E282D9EBF0056C81A /* SceneDelegate.swift in Sources */ = {isa = PBXBuildFile; fileRef = 512DC98D282D9EBF0056C81A /* SceneDelegate.swift */; };
		512DC990282D9EBF0056C81A /* CheckController.swift in Sources */ = {isa = PBXBuildFile; fileRef = 512DC98F282D9EBF0056C81A /* CheckController.swift */; };
		512DC993282D9EBF0056C81A /* Main.storyboard in Resources */ = {isa = PBXBuildFile; fileRef = 512DC991282D9EBF0056C81A /* Main.storyboard */; };
		512DC995282D9EC00056C81A /* Assets.xcassets in Resources */ = {isa = PBXBuildFile; fileRef = 512DC994282D9EC00056C81A /* Assets.xcassets */; };
		5152B3BD285A272B006312DD /* Historic.storyboard in Resources */ = {isa = PBXBuildFile; fileRef = 5152B3BC285A272B006312DD /* Historic.storyboard */; };
		5170D9A5284C02F30085E262 /* FaqDetailController.swift in Sources */ = {isa = PBXBuildFile; fileRef = 5170D9A4284C02F30085E262 /* FaqDetailController.swift */; };
		5174D07E2857719300141A2B /* FAQ.storyboard in Resources */ = {isa = PBXBuildFile; fileRef = 5174D07D2857719300141A2B /* FAQ.storyboard */; };
		51D3BC55283C6A510001CAFE /* ExerciseDetailController.swift in Sources */ = {isa = PBXBuildFile; fileRef = 51D3BC54283C6A510001CAFE /* ExerciseDetailController.swift */; };
		51D5BAB7284BAFA8006205D7 /* FaqController.swift in Sources */ = {isa = PBXBuildFile; fileRef = 51D5BAB6284BAFA8006205D7 /* FaqController.swift */; };
		51E74221284BE9C6000AFD39 /* FaqTextcellView.swift in Sources */ = {isa = PBXBuildFile; fileRef = 51E74220284BE9C6000AFD39 /* FaqTextcellView.swift */; };
		51E74223284BEA9A000AFD39 /* QuestionDetail.swift in Sources */ = {isa = PBXBuildFile; fileRef = 51E74222284BEA9A000AFD39 /* QuestionDetail.swift */; };
		51E78B59283EC21C005CF8F3 /* CardcellView.swift in Sources */ = {isa = PBXBuildFile; fileRef = 51E78B58283EC21C005CF8F3 /* CardcellView.swift */; };
		51FDA2B82857910A00381914 /* FloatingPanel in Frameworks */ = {isa = PBXBuildFile; productRef = 51FDA2B72857910A00381914 /* FloatingPanel */; };
		51FDA2BE2858B18600381914 /* ItsDoneButton.swift in Sources */ = {isa = PBXBuildFile; fileRef = 51FDA2BD2858B18600381914 /* ItsDoneButton.swift */; };
		51FDA2C9285A0F6200381914 /* HistoricController.swift in Sources */ = {isa = PBXBuildFile; fileRef = 51FDA2C8285A0F6200381914 /* HistoricController.swift */; };
/* End PBXBuildFile section */

/* Begin PBXFileReference section */
		17159386284D19CB00CAAE80 /* CustomHabitCell.swift */ = {isa = PBXFileReference; lastKnownFileType = sourcecode.swift; path = CustomHabitCell.swift; sourceTree = "<group>"; };
		17159389284D3B9000CAAE80 /* HabitsViewController.swift */ = {isa = PBXFileReference; lastKnownFileType = sourcecode.swift; path = HabitsViewController.swift; sourceTree = "<group>"; };
		1715938E284D850000CAAE80 /* CustomTextField.swift */ = {isa = PBXFileReference; lastKnownFileType = sourcecode.swift; path = CustomTextField.swift; sourceTree = "<group>"; };
		17159390284D88A500CAAE80 /* CustomButton.swift */ = {isa = PBXFileReference; lastKnownFileType = sourcecode.swift; path = CustomButton.swift; sourceTree = "<group>"; };
		17159392284D8A6900CAAE80 /* CustomOnboardLabel.swift */ = {isa = PBXFileReference; lastKnownFileType = sourcecode.swift; path = CustomOnboardLabel.swift; sourceTree = "<group>"; };
		17159396284DA59800CAAE80 /* DataModel.xcdatamodel */ = {isa = PBXFileReference; lastKnownFileType = wrapper.xcdatamodel; path = DataModel.xcdatamodel; sourceTree = "<group>"; };
		17159398284DB78300CAAE80 /* DayModel.swift */ = {isa = PBXFileReference; lastKnownFileType = sourcecode.swift; path = DayModel.swift; sourceTree = "<group>"; };
		1715939A284DB8FE00CAAE80 /* DayDAO.swift */ = {isa = PBXFileReference; lastKnownFileType = sourcecode.swift; path = DayDAO.swift; sourceTree = "<group>"; };
		173813D42859864000857286 /* OnboardViewController.swift */ = {isa = PBXFileReference; lastKnownFileType = sourcecode.swift; path = OnboardViewController.swift; sourceTree = "<group>"; };
		173813D6285A2B6500857286 /* LaunchDummy.storyboard */ = {isa = PBXFileReference; lastKnownFileType = file.storyboard; path = LaunchDummy.storyboard; sourceTree = "<group>"; };
		173813D8285A2D4F00857286 /* LaunchDummyViewController.swift */ = {isa = PBXFileReference; lastKnownFileType = sourcecode.swift; path = LaunchDummyViewController.swift; sourceTree = "<group>"; };
		173C8E2B284BA0290004513F /* Onboard.storyboard */ = {isa = PBXFileReference; fileEncoding = 4; lastKnownFileType = file.storyboard; path = Onboard.storyboard; sourceTree = "<group>"; };
		17736AF82862D85E007AF6F8 /* CustomCollectionViewCell.swift */ = {isa = PBXFileReference; lastKnownFileType = sourcecode.swift; path = CustomCollectionViewCell.swift; sourceTree = "<group>"; };
		179D5738284A5CD8006E9927 /* LaunchScreen.storyboard */ = {isa = PBXFileReference; fileEncoding = 4; lastKnownFileType = file.storyboard; path = LaunchScreen.storyboard; sourceTree = "<group>"; };
		51058612284509F4005D25C0 /* CardDetailModel.swift */ = {isa = PBXFileReference; lastKnownFileType = sourcecode.swift; path = CardDetailModel.swift; sourceTree = "<group>"; };
		512DC988282D9EBF0056C81A /* DoneIn21.app */ = {isa = PBXFileReference; explicitFileType = wrapper.application; includeInIndex = 0; path = DoneIn21.app; sourceTree = BUILT_PRODUCTS_DIR; };
		512DC98B282D9EBF0056C81A /* AppDelegate.swift */ = {isa = PBXFileReference; lastKnownFileType = sourcecode.swift; path = AppDelegate.swift; sourceTree = "<group>"; };
		512DC98D282D9EBF0056C81A /* SceneDelegate.swift */ = {isa = PBXFileReference; lastKnownFileType = sourcecode.swift; path = SceneDelegate.swift; sourceTree = "<group>"; };
		512DC98F282D9EBF0056C81A /* CheckController.swift */ = {isa = PBXFileReference; lastKnownFileType = sourcecode.swift; path = CheckController.swift; sourceTree = "<group>"; };
		512DC992282D9EBF0056C81A /* Base */ = {isa = PBXFileReference; lastKnownFileType = file.storyboard; name = Base; path = Base.lproj/Main.storyboard; sourceTree = "<group>"; };
		512DC994282D9EC00056C81A /* Assets.xcassets */ = {isa = PBXFileReference; lastKnownFileType = folder.assetcatalog; path = Assets.xcassets; sourceTree = "<group>"; };
		512DC999282D9EC00056C81A /* Info.plist */ = {isa = PBXFileReference; lastKnownFileType = text.plist.xml; path = Info.plist; sourceTree = "<group>"; };
		5152B3BC285A272B006312DD /* Historic.storyboard */ = {isa = PBXFileReference; lastKnownFileType = file.storyboard; path = Historic.storyboard; sourceTree = "<group>"; };
		5170D9A4284C02F30085E262 /* FaqDetailController.swift */ = {isa = PBXFileReference; lastKnownFileType = sourcecode.swift; path = FaqDetailController.swift; sourceTree = "<group>"; };
		5174D07D2857719300141A2B /* FAQ.storyboard */ = {isa = PBXFileReference; lastKnownFileType = file.storyboard; path = FAQ.storyboard; sourceTree = "<group>"; };
		51D3BC54283C6A510001CAFE /* ExerciseDetailController.swift */ = {isa = PBXFileReference; lastKnownFileType = sourcecode.swift; path = ExerciseDetailController.swift; sourceTree = "<group>"; };
		51D5BAB6284BAFA8006205D7 /* FaqController.swift */ = {isa = PBXFileReference; lastKnownFileType = sourcecode.swift; path = FaqController.swift; sourceTree = "<group>"; };
		51E74220284BE9C6000AFD39 /* FaqTextcellView.swift */ = {isa = PBXFileReference; lastKnownFileType = sourcecode.swift; path = FaqTextcellView.swift; sourceTree = "<group>"; };
		51E74222284BEA9A000AFD39 /* QuestionDetail.swift */ = {isa = PBXFileReference; lastKnownFileType = sourcecode.swift; path = QuestionDetail.swift; sourceTree = "<group>"; };
		51E78B58283EC21C005CF8F3 /* CardcellView.swift */ = {isa = PBXFileReference; lastKnownFileType = sourcecode.swift; path = CardcellView.swift; sourceTree = "<group>"; };
		51FDA2BD2858B18600381914 /* ItsDoneButton.swift */ = {isa = PBXFileReference; lastKnownFileType = sourcecode.swift; path = ItsDoneButton.swift; sourceTree = "<group>"; };
		51FDA2C8285A0F6200381914 /* HistoricController.swift */ = {isa = PBXFileReference; lastKnownFileType = sourcecode.swift; path = HistoricController.swift; sourceTree = "<group>"; };
/* End PBXFileReference section */

/* Begin PBXFrameworksBuildPhase section */
		512DC985282D9EBF0056C81A /* Frameworks */ = {
			isa = PBXFrameworksBuildPhase;
			buildActionMask = 2147483647;
			files = (
				51FDA2B82857910A00381914 /* FloatingPanel in Frameworks */,
			);
			runOnlyForDeploymentPostprocessing = 0;
		};
/* End PBXFrameworksBuildPhase section */

/* Begin PBXGroup section */
		17159385284D19A100CAAE80 /* Views */ = {
			isa = PBXGroup;
			children = (
				173813A32857877000857286 /* Storyboards */,
				17159386284D19CB00CAAE80 /* CustomHabitCell.swift */,
				1715938E284D850000CAAE80 /* CustomTextField.swift */,
				17159390284D88A500CAAE80 /* CustomButton.swift */,
				51FDA2BD2858B18600381914 /* ItsDoneButton.swift */,
				17159392284D8A6900CAAE80 /* CustomOnboardLabel.swift */,
				51E74220284BE9C6000AFD39 /* FaqTextcellView.swift */,
				51E78B58283EC21C005CF8F3 /* CardcellView.swift */,
				17736AF82862D85E007AF6F8 /* CustomCollectionViewCell.swift */,
			);
			path = Views;
			sourceTree = "<group>";
		};
		17159388284D3B5E00CAAE80 /* Controllers */ = {
			isa = PBXGroup;
			children = (
				173813D42859864000857286 /* OnboardViewController.swift */,
				17159389284D3B9000CAAE80 /* HabitsViewController.swift */,
				51D5BAB6284BAFA8006205D7 /* FaqController.swift */,
				5170D9A4284C02F30085E262 /* FaqDetailController.swift */,
				51D3BC54283C6A510001CAFE /* ExerciseDetailController.swift */,
				512DC98F282D9EBF0056C81A /* CheckController.swift */,
				51FDA2C8285A0F6200381914 /* HistoricController.swift */,
				173813D8285A2D4F00857286 /* LaunchDummyViewController.swift */,
			);
			path = Controllers;
			sourceTree = "<group>";
		};
		1715938B284D3C3500CAAE80 /* Models */ = {
			isa = PBXGroup;
			children = (
				17159398284DB78300CAAE80 /* DayModel.swift */,
				1715939A284DB8FE00CAAE80 /* DayDAO.swift */,
				51E74222284BEA9A000AFD39 /* QuestionDetail.swift */,
				51058612284509F4005D25C0 /* CardDetailModel.swift */,
			);
			path = Models;
			sourceTree = "<group>";
		};
		173813A32857877000857286 /* Storyboards */ = {
			isa = PBXGroup;
			children = (
				179D5738284A5CD8006E9927 /* LaunchScreen.storyboard */,
				512DC991282D9EBF0056C81A /* Main.storyboard */,
				5152B3BC285A272B006312DD /* Historic.storyboard */,
				173C8E2B284BA0290004513F /* Onboard.storyboard */,
				5174D07D2857719300141A2B /* FAQ.storyboard */,
				173813D6285A2B6500857286 /* LaunchDummy.storyboard */,
			);
			path = Storyboards;
			sourceTree = "<group>";
		};
		512DC97F282D9EBF0056C81A = {
			isa = PBXGroup;
			children = (
				512DC98A282D9EBF0056C81A /* DoneIn21 */,
				512DC989282D9EBF0056C81A /* Products */,
			);
			sourceTree = "<group>";
		};
		512DC989282D9EBF0056C81A /* Products */ = {
			isa = PBXGroup;
			children = (
				512DC988282D9EBF0056C81A /* DoneIn21.app */,
			);
			name = Products;
			sourceTree = "<group>";
		};
		512DC98A282D9EBF0056C81A /* DoneIn21 */ = {
			isa = PBXGroup;
			children = (
				512DC98B282D9EBF0056C81A /* AppDelegate.swift */,
				512DC98D282D9EBF0056C81A /* SceneDelegate.swift */,
				1715938B284D3C3500CAAE80 /* Models */,
				17159385284D19A100CAAE80 /* Views */,
				17159388284D3B5E00CAAE80 /* Controllers */,
				512DC994282D9EC00056C81A /* Assets.xcassets */,
				512DC999282D9EC00056C81A /* Info.plist */,
				17159395284DA59800CAAE80 /* AppModel.xcdatamodeld */,
			);
			path = DoneIn21;
			sourceTree = "<group>";
		};
/* End PBXGroup section */

/* Begin PBXNativeTarget section */
		512DC987282D9EBF0056C81A /* DoneIn21 */ = {
			isa = PBXNativeTarget;
			buildConfigurationList = 512DC99C282D9EC00056C81A /* Build configuration list for PBXNativeTarget "DoneIn21" */;
			buildPhases = (
				512DC984282D9EBF0056C81A /* Sources */,
				512DC985282D9EBF0056C81A /* Frameworks */,
				512DC986282D9EBF0056C81A /* Resources */,
			);
			buildRules = (
			);
			dependencies = (
			);
			name = DoneIn21;
			packageProductDependencies = (
				51FDA2B72857910A00381914 /* FloatingPanel */,
			);
			productName = experimentingwithUIkit;
			productReference = 512DC988282D9EBF0056C81A /* DoneIn21.app */;
			productType = "com.apple.product-type.application";
		};
/* End PBXNativeTarget section */

/* Begin PBXProject section */
		512DC980282D9EBF0056C81A /* Project object */ = {
			isa = PBXProject;
			attributes = {
				BuildIndependentTargetsInParallel = 1;
				LastSwiftUpdateCheck = 1330;
				LastUpgradeCheck = 1330;
				TargetAttributes = {
					512DC987282D9EBF0056C81A = {
						CreatedOnToolsVersion = 13.3.1;
					};
				};
			};
			buildConfigurationList = 512DC983282D9EBF0056C81A /* Build configuration list for PBXProject "DoneIn21" */;
			compatibilityVersion = "Xcode 13.0";
			developmentRegion = en;
			hasScannedForEncodings = 0;
			knownRegions = (
				en,
				Base,
			);
			mainGroup = 512DC97F282D9EBF0056C81A;
			packageReferences = (
				51FDA2B62857910A00381914 /* XCRemoteSwiftPackageReference "FloatingPanel" */,
			);
			productRefGroup = 512DC989282D9EBF0056C81A /* Products */;
			projectDirPath = "";
			projectRoot = "";
			targets = (
				512DC987282D9EBF0056C81A /* DoneIn21 */,
			);
		};
/* End PBXProject section */

/* Begin PBXResourcesBuildPhase section */
		512DC986282D9EBF0056C81A /* Resources */ = {
			isa = PBXResourcesBuildPhase;
			buildActionMask = 2147483647;
			files = (
				179D5739284A5CD8006E9927 /* LaunchScreen.storyboard in Resources */,
				512DC995282D9EC00056C81A /* Assets.xcassets in Resources */,
				512DC993282D9EBF0056C81A /* Main.storyboard in Resources */,
				5174D07E2857719300141A2B /* FAQ.storyboard in Resources */,
				173813D7285A2B6500857286 /* LaunchDummy.storyboard in Resources */,
				173C8E2C284BA0290004513F /* Onboard.storyboard in Resources */,
				5152B3BD285A272B006312DD /* Historic.storyboard in Resources */,
			);
			runOnlyForDeploymentPostprocessing = 0;
		};
/* End PBXResourcesBuildPhase section */

/* Begin PBXSourcesBuildPhase section */
		512DC984282D9EBF0056C81A /* Sources */ = {
			isa = PBXSourcesBuildPhase;
			buildActionMask = 2147483647;
			files = (
				1715938F284D850000CAAE80 /* CustomTextField.swift in Sources */,
				1715938A284D3B9000CAAE80 /* HabitsViewController.swift in Sources */,
				17159393284D8A6900CAAE80 /* CustomOnboardLabel.swift in Sources */,
				1715939B284DB8FE00CAAE80 /* DayDAO.swift in Sources */,
				17159397284DA59800CAAE80 /* AppModel.xcdatamodeld in Sources */,
				51058613284509F4005D25C0 /* CardDetailModel.swift in Sources */,
				51E74221284BE9C6000AFD39 /* FaqTextcellView.swift in Sources */,
				51FDA2BE2858B18600381914 /* ItsDoneButton.swift in Sources */,
				512DC990282D9EBF0056C81A /* CheckController.swift in Sources */,
				5170D9A5284C02F30085E262 /* FaqDetailController.swift in Sources */,
				173813D9285A2D4F00857286 /* LaunchDummyViewController.swift in Sources */,
				173813D52859864000857286 /* OnboardViewController.swift in Sources */,
				51E74223284BEA9A000AFD39 /* QuestionDetail.swift in Sources */,
				51D3BC55283C6A510001CAFE /* ExerciseDetailController.swift in Sources */,
				512DC98C282D9EBF0056C81A /* AppDelegate.swift in Sources */,
				17159399284DB78300CAAE80 /* DayModel.swift in Sources */,
				51D5BAB7284BAFA8006205D7 /* FaqController.swift in Sources */,
				17736AF92862D85E007AF6F8 /* CustomCollectionViewCell.swift in Sources */,
				512DC98E282D9EBF0056C81A /* SceneDelegate.swift in Sources */,
				51E78B59283EC21C005CF8F3 /* CardcellView.swift in Sources */,
				51FDA2C9285A0F6200381914 /* HistoricController.swift in Sources */,
				17159387284D19CB00CAAE80 /* CustomHabitCell.swift in Sources */,
				17159391284D88A500CAAE80 /* CustomButton.swift in Sources */,
			);
			runOnlyForDeploymentPostprocessing = 0;
		};
/* End PBXSourcesBuildPhase section */

/* Begin PBXVariantGroup section */
		512DC991282D9EBF0056C81A /* Main.storyboard */ = {
			isa = PBXVariantGroup;
			children = (
				512DC992282D9EBF0056C81A /* Base */,
			);
			name = Main.storyboard;
			sourceTree = "<group>";
		};
/* End PBXVariantGroup section */

/* Begin XCBuildConfiguration section */
		512DC99A282D9EC00056C81A /* Debug */ = {
			isa = XCBuildConfiguration;
			buildSettings = {
				ALWAYS_SEARCH_USER_PATHS = NO;
				CLANG_ANALYZER_NONNULL = YES;
				CLANG_ANALYZER_NUMBER_OBJECT_CONVERSION = YES_AGGRESSIVE;
				CLANG_CXX_LANGUAGE_STANDARD = "gnu++17";
				CLANG_ENABLE_MODULES = YES;
				CLANG_ENABLE_OBJC_ARC = YES;
				CLANG_ENABLE_OBJC_WEAK = YES;
				CLANG_WARN_BLOCK_CAPTURE_AUTORELEASING = YES;
				CLANG_WARN_BOOL_CONVERSION = YES;
				CLANG_WARN_COMMA = YES;
				CLANG_WARN_CONSTANT_CONVERSION = YES;
				CLANG_WARN_DEPRECATED_OBJC_IMPLEMENTATIONS = YES;
				CLANG_WARN_DIRECT_OBJC_ISA_USAGE = YES_ERROR;
				CLANG_WARN_DOCUMENTATION_COMMENTS = YES;
				CLANG_WARN_EMPTY_BODY = YES;
				CLANG_WARN_ENUM_CONVERSION = YES;
				CLANG_WARN_INFINITE_RECURSION = YES;
				CLANG_WARN_INT_CONVERSION = YES;
				CLANG_WARN_NON_LITERAL_NULL_CONVERSION = YES;
				CLANG_WARN_OBJC_IMPLICIT_RETAIN_SELF = YES;
				CLANG_WARN_OBJC_LITERAL_CONVERSION = YES;
				CLANG_WARN_OBJC_ROOT_CLASS = YES_ERROR;
				CLANG_WARN_QUOTED_INCLUDE_IN_FRAMEWORK_HEADER = YES;
				CLANG_WARN_RANGE_LOOP_ANALYSIS = YES;
				CLANG_WARN_STRICT_PROTOTYPES = YES;
				CLANG_WARN_SUSPICIOUS_MOVE = YES;
				CLANG_WARN_UNGUARDED_AVAILABILITY = YES_AGGRESSIVE;
				CLANG_WARN_UNREACHABLE_CODE = YES;
				CLANG_WARN__DUPLICATE_METHOD_MATCH = YES;
				COPY_PHASE_STRIP = NO;
				DEBUG_INFORMATION_FORMAT = dwarf;
				ENABLE_STRICT_OBJC_MSGSEND = YES;
				ENABLE_TESTABILITY = YES;
				GCC_C_LANGUAGE_STANDARD = gnu11;
				GCC_DYNAMIC_NO_PIC = NO;
				GCC_NO_COMMON_BLOCKS = YES;
				GCC_OPTIMIZATION_LEVEL = 0;
				GCC_PREPROCESSOR_DEFINITIONS = (
					"DEBUG=1",
					"$(inherited)",
				);
				GCC_WARN_64_TO_32_BIT_CONVERSION = YES;
				GCC_WARN_ABOUT_RETURN_TYPE = YES_ERROR;
				GCC_WARN_UNDECLARED_SELECTOR = YES;
				GCC_WARN_UNINITIALIZED_AUTOS = YES_AGGRESSIVE;
				GCC_WARN_UNUSED_FUNCTION = YES;
				GCC_WARN_UNUSED_VARIABLE = YES;
				IPHONEOS_DEPLOYMENT_TARGET = 15.4;
				MTL_ENABLE_DEBUG_INFO = INCLUDE_SOURCE;
				MTL_FAST_MATH = YES;
				ONLY_ACTIVE_ARCH = YES;
				SDKROOT = iphoneos;
				SWIFT_ACTIVE_COMPILATION_CONDITIONS = DEBUG;
				SWIFT_OPTIMIZATION_LEVEL = "-Onone";
			};
			name = Debug;
		};
		512DC99B282D9EC00056C81A /* Release */ = {
			isa = XCBuildConfiguration;
			buildSettings = {
				ALWAYS_SEARCH_USER_PATHS = NO;
				CLANG_ANALYZER_NONNULL = YES;
				CLANG_ANALYZER_NUMBER_OBJECT_CONVERSION = YES_AGGRESSIVE;
				CLANG_CXX_LANGUAGE_STANDARD = "gnu++17";
				CLANG_ENABLE_MODULES = YES;
				CLANG_ENABLE_OBJC_ARC = YES;
				CLANG_ENABLE_OBJC_WEAK = YES;
				CLANG_WARN_BLOCK_CAPTURE_AUTORELEASING = YES;
				CLANG_WARN_BOOL_CONVERSION = YES;
				CLANG_WARN_COMMA = YES;
				CLANG_WARN_CONSTANT_CONVERSION = YES;
				CLANG_WARN_DEPRECATED_OBJC_IMPLEMENTATIONS = YES;
				CLANG_WARN_DIRECT_OBJC_ISA_USAGE = YES_ERROR;
				CLANG_WARN_DOCUMENTATION_COMMENTS = YES;
				CLANG_WARN_EMPTY_BODY = YES;
				CLANG_WARN_ENUM_CONVERSION = YES;
				CLANG_WARN_INFINITE_RECURSION = YES;
				CLANG_WARN_INT_CONVERSION = YES;
				CLANG_WARN_NON_LITERAL_NULL_CONVERSION = YES;
				CLANG_WARN_OBJC_IMPLICIT_RETAIN_SELF = YES;
				CLANG_WARN_OBJC_LITERAL_CONVERSION = YES;
				CLANG_WARN_OBJC_ROOT_CLASS = YES_ERROR;
				CLANG_WARN_QUOTED_INCLUDE_IN_FRAMEWORK_HEADER = YES;
				CLANG_WARN_RANGE_LOOP_ANALYSIS = YES;
				CLANG_WARN_STRICT_PROTOTYPES = YES;
				CLANG_WARN_SUSPICIOUS_MOVE = YES;
				CLANG_WARN_UNGUARDED_AVAILABILITY = YES_AGGRESSIVE;
				CLANG_WARN_UNREACHABLE_CODE = YES;
				CLANG_WARN__DUPLICATE_METHOD_MATCH = YES;
				COPY_PHASE_STRIP = NO;
				DEBUG_INFORMATION_FORMAT = "dwarf-with-dsym";
				ENABLE_NS_ASSERTIONS = NO;
				ENABLE_STRICT_OBJC_MSGSEND = YES;
				GCC_C_LANGUAGE_STANDARD = gnu11;
				GCC_NO_COMMON_BLOCKS = YES;
				GCC_WARN_64_TO_32_BIT_CONVERSION = YES;
				GCC_WARN_ABOUT_RETURN_TYPE = YES_ERROR;
				GCC_WARN_UNDECLARED_SELECTOR = YES;
				GCC_WARN_UNINITIALIZED_AUTOS = YES_AGGRESSIVE;
				GCC_WARN_UNUSED_FUNCTION = YES;
				GCC_WARN_UNUSED_VARIABLE = YES;
				IPHONEOS_DEPLOYMENT_TARGET = 15.4;
				MTL_ENABLE_DEBUG_INFO = NO;
				MTL_FAST_MATH = YES;
				SDKROOT = iphoneos;
				SWIFT_COMPILATION_MODE = wholemodule;
				SWIFT_OPTIMIZATION_LEVEL = "-O";
				VALIDATE_PRODUCT = YES;
			};
			name = Release;
		};
		512DC99D282D9EC00056C81A /* Debug */ = {
			isa = XCBuildConfiguration;
			buildSettings = {
				ASSETCATALOG_COMPILER_APPICON_NAME = AppIcon;
				ASSETCATALOG_COMPILER_GLOBAL_ACCENT_COLOR_NAME = AccentColor;
				CODE_SIGN_STYLE = Automatic;
				CURRENT_PROJECT_VERSION = 1;
				DEVELOPMENT_TEAM = XKBJR2ZWTW;
				GENERATE_INFOPLIST_FILE = YES;
				INFOPLIST_FILE = DoneIn21/Info.plist;
				INFOPLIST_KEY_CFBundleDisplayName = "Done In 21";
				INFOPLIST_KEY_UIApplicationSupportsIndirectInputEvents = YES;
				INFOPLIST_KEY_UILaunchStoryboardName = LaunchScreen;
				INFOPLIST_KEY_UIMainStoryboardFile = Main;
				INFOPLIST_KEY_UISupportedInterfaceOrientations = UIInterfaceOrientationPortrait;
				INFOPLIST_KEY_UISupportedInterfaceOrientations_iPad = "UIInterfaceOrientationPortrait UIInterfaceOrientationPortraitUpsideDown UIInterfaceOrientationLandscapeLeft UIInterfaceOrientationLandscapeRight";
				INFOPLIST_KEY_UISupportedInterfaceOrientations_iPhone = "UIInterfaceOrientationPortrait UIInterfaceOrientationLandscapeLeft UIInterfaceOrientationLandscapeRight";
				LD_RUNPATH_SEARCH_PATHS = (
					"$(inherited)",
					"@executable_path/Frameworks",
				);
				MARKETING_VERSION = 1.0;
				PRODUCT_BUNDLE_IDENTIFIER = com.agm.DoneIn21;
				PRODUCT_NAME = "$(TARGET_NAME)";
				SWIFT_EMIT_LOC_STRINGS = YES;
				SWIFT_VERSION = 5.0;
				TARGETED_DEVICE_FAMILY = 1;
			};
			name = Debug;
		};
		512DC99E282D9EC00056C81A /* Release */ = {
			isa = XCBuildConfiguration;
			buildSettings = {
				ASSETCATALOG_COMPILER_APPICON_NAME = AppIcon;
				ASSETCATALOG_COMPILER_GLOBAL_ACCENT_COLOR_NAME = AccentColor;
				CODE_SIGN_STYLE = Automatic;
				CURRENT_PROJECT_VERSION = 1;
				DEVELOPMENT_TEAM = XKBJR2ZWTW;
				GENERATE_INFOPLIST_FILE = YES;
				INFOPLIST_FILE = DoneIn21/Info.plist;
				INFOPLIST_KEY_CFBundleDisplayName = "Done In 21";
				INFOPLIST_KEY_UIApplicationSupportsIndirectInputEvents = YES;
				INFOPLIST_KEY_UILaunchStoryboardName = LaunchScreen;
				INFOPLIST_KEY_UIMainStoryboardFile = Main;
				INFOPLIST_KEY_UISupportedInterfaceOrientations = UIInterfaceOrientationPortrait;
				INFOPLIST_KEY_UISupportedInterfaceOrientations_iPad = "UIInterfaceOrientationPortrait UIInterfaceOrientationPortraitUpsideDown UIInterfaceOrientationLandscapeLeft UIInterfaceOrientationLandscapeRight";
				INFOPLIST_KEY_UISupportedInterfaceOrientations_iPhone = "UIInterfaceOrientationPortrait UIInterfaceOrientationLandscapeLeft UIInterfaceOrientationLandscapeRight";
				LD_RUNPATH_SEARCH_PATHS = (
					"$(inherited)",
					"@executable_path/Frameworks",
				);
				MARKETING_VERSION = 1.0;
				PRODUCT_BUNDLE_IDENTIFIER = com.agm.DoneIn21;
				PRODUCT_NAME = "$(TARGET_NAME)";
				SWIFT_EMIT_LOC_STRINGS = YES;
				SWIFT_VERSION = 5.0;
				TARGETED_DEVICE_FAMILY = 1;
			};
			name = Release;
		};
/* End XCBuildConfiguration section */

/* Begin XCConfigurationList section */
		512DC983282D9EBF0056C81A /* Build configuration list for PBXProject "DoneIn21" */ = {
			isa = XCConfigurationList;
			buildConfigurations = (
				512DC99A282D9EC00056C81A /* Debug */,
				512DC99B282D9EC00056C81A /* Release */,
			);
			defaultConfigurationIsVisible = 0;
			defaultConfigurationName = Release;
		};
		512DC99C282D9EC00056C81A /* Build configuration list for PBXNativeTarget "DoneIn21" */ = {
			isa = XCConfigurationList;
			buildConfigurations = (
				512DC99D282D9EC00056C81A /* Debug */,
				512DC99E282D9EC00056C81A /* Release */,
			);
			defaultConfigurationIsVisible = 0;
			defaultConfigurationName = Release;
		};
/* End XCConfigurationList section */

/* Begin XCRemoteSwiftPackageReference section */
		51FDA2B62857910A00381914 /* XCRemoteSwiftPackageReference "FloatingPanel" */ = {
			isa = XCRemoteSwiftPackageReference;
			repositoryURL = "https://github.com/scenee/FloatingPanel";
			requirement = {
				branch = master;
				kind = branch;
			};
		};
/* End XCRemoteSwiftPackageReference section */

/* Begin XCSwiftPackageProductDependency section */
		51FDA2B72857910A00381914 /* FloatingPanel */ = {
			isa = XCSwiftPackageProductDependency;
			package = 51FDA2B62857910A00381914 /* XCRemoteSwiftPackageReference "FloatingPanel" */;
			productName = FloatingPanel;
		};
/* End XCSwiftPackageProductDependency section */

/* Begin XCVersionGroup section */
		17159395284DA59800CAAE80 /* AppModel.xcdatamodeld */ = {
			isa = XCVersionGroup;
			children = (
				17159396284DA59800CAAE80 /* DataModel.xcdatamodel */,
			);
			currentVersion = 17159396284DA59800CAAE80 /* DataModel.xcdatamodel */;
			path = AppModel.xcdatamodeld;
			sourceTree = "<group>";
			versionGroupType = wrapper.xcdatamodel;
		};
/* End XCVersionGroup section */
	};
	rootObject = 512DC980282D9EBF0056C81A /* Project object */;
}
