// !$*UTF8*$!
{
	archiveVersion = 1;
	classes = {
	};
	objectVersion = 55;
	objects = {

/* Begin PBXBuildFile section */
		179D5739284A5CD8006E9927 /* LaunchScreen.storyboard in Resources */ = {isa = PBXBuildFile; fileRef = 179D5738284A5CD8006E9927 /* LaunchScreen.storyboard */; };
		51058613284509F4005D25C0 /* cardDetail.swift in Sources */ = {isa = PBXBuildFile; fileRef = 51058612284509F4005D25C0 /* cardDetail.swift */; };
		512DC98C282D9EBF0056C81A /* AppDelegate.swift in Sources */ = {isa = PBXBuildFile; fileRef = 512DC98B282D9EBF0056C81A /* AppDelegate.swift */; };
		512DC98E282D9EBF0056C81A /* SceneDelegate.swift in Sources */ = {isa = PBXBuildFile; fileRef = 512DC98D282D9EBF0056C81A /* SceneDelegate.swift */; };
		512DC990282D9EBF0056C81A /* check.swift in Sources */ = {isa = PBXBuildFile; fileRef = 512DC98F282D9EBF0056C81A /* check.swift */; };
		512DC993282D9EBF0056C81A /* Main.storyboard in Resources */ = {isa = PBXBuildFile; fileRef = 512DC991282D9EBF0056C81A /* Main.storyboard */; };
		512DC995282D9EC00056C81A /* Assets.xcassets in Resources */ = {isa = PBXBuildFile; fileRef = 512DC994282D9EC00056C81A /* Assets.xcassets */; };
		5170D9A5284C02F30085E262 /* FAQDetailScreen.swift in Sources */ = {isa = PBXBuildFile; fileRef = 5170D9A4284C02F30085E262 /* FAQDetailScreen.swift */; };
		51D3BC55283C6A510001CAFE /* ViewController2.swift in Sources */ = {isa = PBXBuildFile; fileRef = 51D3BC54283C6A510001CAFE /* ViewController2.swift */; };
		51D5BAB7284BAFA8006205D7 /* FAQ.swift in Sources */ = {isa = PBXBuildFile; fileRef = 51D5BAB6284BAFA8006205D7 /* FAQ.swift */; };
		51E74221284BE9C6000AFD39 /* FAQtextcell.swift in Sources */ = {isa = PBXBuildFile; fileRef = 51E74220284BE9C6000AFD39 /* FAQtextcell.swift */; };
		51E74223284BEA9A000AFD39 /* QuestionDetail.swift in Sources */ = {isa = PBXBuildFile; fileRef = 51E74222284BEA9A000AFD39 /* QuestionDetail.swift */; };
		51E78B59283EC21C005CF8F3 /* cardcell.swift in Sources */ = {isa = PBXBuildFile; fileRef = 51E78B58283EC21C005CF8F3 /* cardcell.swift */; };
/* End PBXBuildFile section */

/* Begin PBXFileReference section */
		179D5738284A5CD8006E9927 /* LaunchScreen.storyboard */ = {isa = PBXFileReference; fileEncoding = 4; lastKnownFileType = file.storyboard; path = LaunchScreen.storyboard; sourceTree = "<group>"; };
		51058612284509F4005D25C0 /* cardDetail.swift */ = {isa = PBXFileReference; lastKnownFileType = sourcecode.swift; path = cardDetail.swift; sourceTree = "<group>"; };
		512DC988282D9EBF0056C81A /* experimentingwithUIkit.app */ = {isa = PBXFileReference; explicitFileType = wrapper.application; includeInIndex = 0; path = experimentingwithUIkit.app; sourceTree = BUILT_PRODUCTS_DIR; };
		512DC98B282D9EBF0056C81A /* AppDelegate.swift */ = {isa = PBXFileReference; lastKnownFileType = sourcecode.swift; path = AppDelegate.swift; sourceTree = "<group>"; };
		512DC98D282D9EBF0056C81A /* SceneDelegate.swift */ = {isa = PBXFileReference; lastKnownFileType = sourcecode.swift; path = SceneDelegate.swift; sourceTree = "<group>"; };
		512DC98F282D9EBF0056C81A /* check.swift */ = {isa = PBXFileReference; lastKnownFileType = sourcecode.swift; path = check.swift; sourceTree = "<group>"; };
		512DC992282D9EBF0056C81A /* Base */ = {isa = PBXFileReference; lastKnownFileType = file.storyboard; name = Base; path = Base.lproj/Main.storyboard; sourceTree = "<group>"; };
		512DC994282D9EC00056C81A /* Assets.xcassets */ = {isa = PBXFileReference; lastKnownFileType = folder.assetcatalog; path = Assets.xcassets; sourceTree = "<group>"; };
		512DC999282D9EC00056C81A /* Info.plist */ = {isa = PBXFileReference; lastKnownFileType = text.plist.xml; path = Info.plist; sourceTree = "<group>"; };
		5170D9A4284C02F30085E262 /* FAQDetailScreen.swift */ = {isa = PBXFileReference; lastKnownFileType = sourcecode.swift; path = FAQDetailScreen.swift; sourceTree = "<group>"; };
		51D3BC54283C6A510001CAFE /* ViewController2.swift */ = {isa = PBXFileReference; lastKnownFileType = sourcecode.swift; path = ViewController2.swift; sourceTree = "<group>"; };
		51D5BAB6284BAFA8006205D7 /* FAQ.swift */ = {isa = PBXFileReference; lastKnownFileType = sourcecode.swift; path = FAQ.swift; sourceTree = "<group>"; };
		51E74220284BE9C6000AFD39 /* FAQtextcell.swift */ = {isa = PBXFileReference; lastKnownFileType = sourcecode.swift; path = FAQtextcell.swift; sourceTree = "<group>"; };
		51E74222284BEA9A000AFD39 /* QuestionDetail.swift */ = {isa = PBXFileReference; lastKnownFileType = sourcecode.swift; path = QuestionDetail.swift; sourceTree = "<group>"; };
		51E78B58283EC21C005CF8F3 /* cardcell.swift */ = {isa = PBXFileReference; lastKnownFileType = sourcecode.swift; path = cardcell.swift; sourceTree = "<group>"; };
/* End PBXFileReference section */

/* Begin PBXFrameworksBuildPhase section */
		512DC985282D9EBF0056C81A /* Frameworks */ = {
			isa = PBXFrameworksBuildPhase;
			buildActionMask = 2147483647;
			files = (
			);
			runOnlyForDeploymentPostprocessing = 0;
		};
/* End PBXFrameworksBuildPhase section */

/* Begin PBXGroup section */
		512DC97F282D9EBF0056C81A = {
			isa = PBXGroup;
			children = (
				512DC98A282D9EBF0056C81A /* experimentingwithUIkit */,
				512DC989282D9EBF0056C81A /* Products */,
			);
			sourceTree = "<group>";
		};
		512DC989282D9EBF0056C81A /* Products */ = {
			isa = PBXGroup;
			children = (
				512DC988282D9EBF0056C81A /* experimentingwithUIkit.app */,
			);
			name = Products;
			sourceTree = "<group>";
		};
		512DC98A282D9EBF0056C81A /* experimentingwithUIkit */ = {
			isa = PBXGroup;
			children = (
				512DC98B282D9EBF0056C81A /* AppDelegate.swift */,
				512DC98D282D9EBF0056C81A /* SceneDelegate.swift */,
				51E7421F284BE999000AFD39 /* FAQ */,
				51E7421E284BBAF3000AFD39 /* DetailScreen */,
				51E7421D284BBAD4000AFD39 /* check  */,
				512DC991282D9EBF0056C81A /* Main.storyboard */,
				512DC994282D9EC00056C81A /* Assets.xcassets */,
				512DC999282D9EC00056C81A /* Info.plist */,
				179D5738284A5CD8006E9927 /* LaunchScreen.storyboard */,
			);
			path = experimentingwithUIkit;
			sourceTree = "<group>";
		};
		51E7421D284BBAD4000AFD39 /* check  */ = {
			isa = PBXGroup;
			children = (
				512DC98F282D9EBF0056C81A /* check.swift */,
				51E78B58283EC21C005CF8F3 /* cardcell.swift */,
			);
			path = "check ";
			sourceTree = "<group>";
		};
		51E7421E284BBAF3000AFD39 /* DetailScreen */ = {
			isa = PBXGroup;
			children = (
				51D3BC54283C6A510001CAFE /* ViewController2.swift */,
				51058612284509F4005D25C0 /* cardDetail.swift */,
			);
			path = DetailScreen;
			sourceTree = "<group>";
		};
		51E7421F284BE999000AFD39 /* FAQ */ = {
			isa = PBXGroup;
			children = (
				51D5BAB6284BAFA8006205D7 /* FAQ.swift */,
				5170D9A4284C02F30085E262 /* FAQDetailScreen.swift */,
				51E74222284BEA9A000AFD39 /* QuestionDetail.swift */,
				51E74220284BE9C6000AFD39 /* FAQtextcell.swift */,
			);
			path = FAQ;
			sourceTree = "<group>";
		};
/* End PBXGroup section */

/* Begin PBXNativeTarget section */
		512DC987282D9EBF0056C81A /* experimentingwithUIkit */ = {
			isa = PBXNativeTarget;
			buildConfigurationList = 512DC99C282D9EC00056C81A /* Build configuration list for PBXNativeTarget "experimentingwithUIkit" */;
			buildPhases = (
				512DC984282D9EBF0056C81A /* Sources */,
				512DC985282D9EBF0056C81A /* Frameworks */,
				512DC986282D9EBF0056C81A /* Resources */,
			);
			buildRules = (
			);
			dependencies = (
			);
			name = experimentingwithUIkit;
			productName = experimentingwithUIkit;
			productReference = 512DC988282D9EBF0056C81A /* experimentingwithUIkit.app */;
			productType = "com.apple.product-type.application";
		};
/* End PBXNativeTarget section */

/* Begin PBXProject section */
		512DC980282D9EBF0056C81A /* Project object */ = {
			isa = PBXProject;
			attributes = {
				BuildIndependentTargetsInParallel = 1;
				LastSwiftUpdateCheck = 1330;
				LastUpgradeCheck = 1330;
				TargetAttributes = {
					512DC987282D9EBF0056C81A = {
						CreatedOnToolsVersion = 13.3.1;
					};
				};
			};
			buildConfigurationList = 512DC983282D9EBF0056C81A /* Build configuration list for PBXProject "experimentingwithUIkit" */;
			compatibilityVersion = "Xcode 13.0";
			developmentRegion = en;
			hasScannedForEncodings = 0;
			knownRegions = (
				en,
				Base,
			);
			mainGroup = 512DC97F282D9EBF0056C81A;
			productRefGroup = 512DC989282D9EBF0056C81A /* Products */;
			projectDirPath = "";
			projectRoot = "";
			targets = (
				512DC987282D9EBF0056C81A /* experimentingwithUIkit */,
			);
		};
/* End PBXProject section */

/* Begin PBXResourcesBuildPhase section */
		512DC986282D9EBF0056C81A /* Resources */ = {
			isa = PBXResourcesBuildPhase;
			buildActionMask = 2147483647;
			files = (
				179D5739284A5CD8006E9927 /* LaunchScreen.storyboard in Resources */,
				512DC995282D9EC00056C81A /* Assets.xcassets in Resources */,
				512DC993282D9EBF0056C81A /* Main.storyboard in Resources */,
			);
			runOnlyForDeploymentPostprocessing = 0;
		};
/* End PBXResourcesBuildPhase section */

/* Begin PBXSourcesBuildPhase section */
		512DC984282D9EBF0056C81A /* Sources */ = {
			isa = PBXSourcesBuildPhase;
			buildActionMask = 2147483647;
			files = (
				51058613284509F4005D25C0 /* cardDetail.swift in Sources */,
				51E74221284BE9C6000AFD39 /* FAQtextcell.swift in Sources */,
				512DC990282D9EBF0056C81A /* check.swift in Sources */,
				5170D9A5284C02F30085E262 /* FAQDetailScreen.swift in Sources */,
				51E74223284BEA9A000AFD39 /* QuestionDetail.swift in Sources */,
				51D3BC55283C6A510001CAFE /* ViewController2.swift in Sources */,
				512DC98C282D9EBF0056C81A /* AppDelegate.swift in Sources */,
				51D5BAB7284BAFA8006205D7 /* FAQ.swift in Sources */,
				512DC98E282D9EBF0056C81A /* SceneDelegate.swift in Sources */,
				51E78B59283EC21C005CF8F3 /* cardcell.swift in Sources */,
			);
			runOnlyForDeploymentPostprocessing = 0;
		};
/* End PBXSourcesBuildPhase section */

/* Begin PBXVariantGroup section */
		512DC991282D9EBF0056C81A /* Main.storyboard */ = {
			isa = PBXVariantGroup;
			children = (
				512DC992282D9EBF0056C81A /* Base */,
			);
			name = Main.storyboard;
			sourceTree = "<group>";
		};
/* End PBXVariantGroup section */

/* Begin XCBuildConfiguration section */
		512DC99A282D9EC00056C81A /* Debug */ = {
			isa = XCBuildConfiguration;
			buildSettings = {
				ALWAYS_SEARCH_USER_PATHS = NO;
				CLANG_ANALYZER_NONNULL = YES;
				CLANG_ANALYZER_NUMBER_OBJECT_CONVERSION = YES_AGGRESSIVE;
				CLANG_CXX_LANGUAGE_STANDARD = "gnu++17";
				CLANG_ENABLE_MODULES = YES;
				CLANG_ENABLE_OBJC_ARC = YES;
				CLANG_ENABLE_OBJC_WEAK = YES;
				CLANG_WARN_BLOCK_CAPTURE_AUTORELEASING = YES;
				CLANG_WARN_BOOL_CONVERSION = YES;
				CLANG_WARN_COMMA = YES;
				CLANG_WARN_CONSTANT_CONVERSION = YES;
				CLANG_WARN_DEPRECATED_OBJC_IMPLEMENTATIONS = YES;
				CLANG_WARN_DIRECT_OBJC_ISA_USAGE = YES_ERROR;
				CLANG_WARN_DOCUMENTATION_COMMENTS = YES;
				CLANG_WARN_EMPTY_BODY = YES;
				CLANG_WARN_ENUM_CONVERSION = YES;
				CLANG_WARN_INFINITE_RECURSION = YES;
				CLANG_WARN_INT_CONVERSION = YES;
				CLANG_WARN_NON_LITERAL_NULL_CONVERSION = YES;
				CLANG_WARN_OBJC_IMPLICIT_RETAIN_SELF = YES;
				CLANG_WARN_OBJC_LITERAL_CONVERSION = YES;
				CLANG_WARN_OBJC_ROOT_CLASS = YES_ERROR;
				CLANG_WARN_QUOTED_INCLUDE_IN_FRAMEWORK_HEADER = YES;
				CLANG_WARN_RANGE_LOOP_ANALYSIS = YES;
				CLANG_WARN_STRICT_PROTOTYPES = YES;
				CLANG_WARN_SUSPICIOUS_MOVE = YES;
				CLANG_WARN_UNGUARDED_AVAILABILITY = YES_AGGRESSIVE;
				CLANG_WARN_UNREACHABLE_CODE = YES;
				CLANG_WARN__DUPLICATE_METHOD_MATCH = YES;
				COPY_PHASE_STRIP = NO;
				DEBUG_INFORMATION_FORMAT = dwarf;
				ENABLE_STRICT_OBJC_MSGSEND = YES;
				ENABLE_TESTABILITY = YES;
				GCC_C_LANGUAGE_STANDARD = gnu11;
				GCC_DYNAMIC_NO_PIC = NO;
				GCC_NO_COMMON_BLOCKS = YES;
				GCC_OPTIMIZATION_LEVEL = 0;
				GCC_PREPROCESSOR_DEFINITIONS = (
					"DEBUG=1",
					"$(inherited)",
				);
				GCC_WARN_64_TO_32_BIT_CONVERSION = YES;
				GCC_WARN_ABOUT_RETURN_TYPE = YES_ERROR;
				GCC_WARN_UNDECLARED_SELECTOR = YES;
				GCC_WARN_UNINITIALIZED_AUTOS = YES_AGGRESSIVE;
				GCC_WARN_UNUSED_FUNCTION = YES;
				GCC_WARN_UNUSED_VARIABLE = YES;
				IPHONEOS_DEPLOYMENT_TARGET = 15.4;
				MTL_ENABLE_DEBUG_INFO = INCLUDE_SOURCE;
				MTL_FAST_MATH = YES;
				ONLY_ACTIVE_ARCH = YES;
				SDKROOT = iphoneos;
				SWIFT_ACTIVE_COMPILATION_CONDITIONS = DEBUG;
				SWIFT_OPTIMIZATION_LEVEL = "-Onone";
			};
			name = Debug;
		};
		512DC99B282D9EC00056C81A /* Release */ = {
			isa = XCBuildConfiguration;
			buildSettings = {
				ALWAYS_SEARCH_USER_PATHS = NO;
				CLANG_ANALYZER_NONNULL = YES;
				CLANG_ANALYZER_NUMBER_OBJECT_CONVERSION = YES_AGGRESSIVE;
				CLANG_CXX_LANGUAGE_STANDARD = "gnu++17";
				CLANG_ENABLE_MODULES = YES;
				CLANG_ENABLE_OBJC_ARC = YES;
				CLANG_ENABLE_OBJC_WEAK = YES;
				CLANG_WARN_BLOCK_CAPTURE_AUTORELEASING = YES;
				CLANG_WARN_BOOL_CONVERSION = YES;
				CLANG_WARN_COMMA = YES;
				CLANG_WARN_CONSTANT_CONVERSION = YES;
				CLANG_WARN_DEPRECATED_OBJC_IMPLEMENTATIONS = YES;
				CLANG_WARN_DIRECT_OBJC_ISA_USAGE = YES_ERROR;
				CLANG_WARN_DOCUMENTATION_COMMENTS = YES;
				CLANG_WARN_EMPTY_BODY = YES;
				CLANG_WARN_ENUM_CONVERSION = YES;
				CLANG_WARN_INFINITE_RECURSION = YES;
				CLANG_WARN_INT_CONVERSION = YES;
				CLANG_WARN_NON_LITERAL_NULL_CONVERSION = YES;
				CLANG_WARN_OBJC_IMPLICIT_RETAIN_SELF = YES;
				CLANG_WARN_OBJC_LITERAL_CONVERSION = YES;
				CLANG_WARN_OBJC_ROOT_CLASS = YES_ERROR;
				CLANG_WARN_QUOTED_INCLUDE_IN_FRAMEWORK_HEADER = YES;
				CLANG_WARN_RANGE_LOOP_ANALYSIS = YES;
				CLANG_WARN_STRICT_PROTOTYPES = YES;
				CLANG_WARN_SUSPICIOUS_MOVE = YES;
				CLANG_WARN_UNGUARDED_AVAILABILITY = YES_AGGRESSIVE;
				CLANG_WARN_UNREACHABLE_CODE = YES;
				CLANG_WARN__DUPLICATE_METHOD_MATCH = YES;
				COPY_PHASE_STRIP = NO;
				DEBUG_INFORMATION_FORMAT = "dwarf-with-dsym";
				ENABLE_NS_ASSERTIONS = NO;
				ENABLE_STRICT_OBJC_MSGSEND = YES;
				GCC_C_LANGUAGE_STANDARD = gnu11;
				GCC_NO_COMMON_BLOCKS = YES;
				GCC_WARN_64_TO_32_BIT_CONVERSION = YES;
				GCC_WARN_ABOUT_RETURN_TYPE = YES_ERROR;
				GCC_WARN_UNDECLARED_SELECTOR = YES;
				GCC_WARN_UNINITIALIZED_AUTOS = YES_AGGRESSIVE;
				GCC_WARN_UNUSED_FUNCTION = YES;
				GCC_WARN_UNUSED_VARIABLE = YES;
				IPHONEOS_DEPLOYMENT_TARGET = 15.4;
				MTL_ENABLE_DEBUG_INFO = NO;
				MTL_FAST_MATH = YES;
				SDKROOT = iphoneos;
				SWIFT_COMPILATION_MODE = wholemodule;
				SWIFT_OPTIMIZATION_LEVEL = "-O";
				VALIDATE_PRODUCT = YES;
			};
			name = Release;
		};
		512DC99D282D9EC00056C81A /* Debug */ = {
			isa = XCBuildConfiguration;
			buildSettings = {
				ASSETCATALOG_COMPILER_APPICON_NAME = AppIcon;
				ASSETCATALOG_COMPILER_GLOBAL_ACCENT_COLOR_NAME = AccentColor;
				CODE_SIGN_STYLE = Automatic;
				CURRENT_PROJECT_VERSION = 1;
				DEVELOPMENT_TEAM = XKBJR2ZWTW;
				GENERATE_INFOPLIST_FILE = YES;
				INFOPLIST_FILE = experimentingwithUIkit/Info.plist;
				INFOPLIST_KEY_CFBundleDisplayName = "Done In 21";
				INFOPLIST_KEY_UIApplicationSupportsIndirectInputEvents = YES;
				INFOPLIST_KEY_UILaunchStoryboardName = LaunchScreen;
				INFOPLIST_KEY_UIMainStoryboardFile = Main;
				INFOPLIST_KEY_UISupportedInterfaceOrientations = UIInterfaceOrientationPortrait;
				INFOPLIST_KEY_UISupportedInterfaceOrientations_iPad = "UIInterfaceOrientationPortrait UIInterfaceOrientationPortraitUpsideDown UIInterfaceOrientationLandscapeLeft UIInterfaceOrientationLandscapeRight";
				INFOPLIST_KEY_UISupportedInterfaceOrientations_iPhone = "UIInterfaceOrientationPortrait UIInterfaceOrientationLandscapeLeft UIInterfaceOrientationLandscapeRight";
				LD_RUNPATH_SEARCH_PATHS = (
					"$(inherited)",
					"@executable_path/Frameworks",
				);
				MARKETING_VERSION = 1.0;
				PRODUCT_BUNDLE_IDENTIFIER = com.agm.DoneIn21;
				PRODUCT_NAME = "$(TARGET_NAME)";
				SWIFT_EMIT_LOC_STRINGS = YES;
				SWIFT_VERSION = 5.0;
				TARGETED_DEVICE_FAMILY = "1,2";
			};
			name = Debug;
		};
		512DC99E282D9EC00056C81A /* Release */ = {
			isa = XCBuildConfiguration;
			buildSettings = {
				ASSETCATALOG_COMPILER_APPICON_NAME = AppIcon;
				ASSETCATALOG_COMPILER_GLOBAL_ACCENT_COLOR_NAME = AccentColor;
				CODE_SIGN_STYLE = Automatic;
				CURRENT_PROJECT_VERSION = 1;
				DEVELOPMENT_TEAM = XKBJR2ZWTW;
				GENERATE_INFOPLIST_FILE = YES;
				INFOPLIST_FILE = experimentingwithUIkit/Info.plist;
				INFOPLIST_KEY_CFBundleDisplayName = "Done In 21";
				INFOPLIST_KEY_UIApplicationSupportsIndirectInputEvents = YES;
				INFOPLIST_KEY_UILaunchStoryboardName = LaunchScreen;
				INFOPLIST_KEY_UIMainStoryboardFile = Main;
				INFOPLIST_KEY_UISupportedInterfaceOrientations = UIInterfaceOrientationPortrait;
				INFOPLIST_KEY_UISupportedInterfaceOrientations_iPad = "UIInterfaceOrientationPortrait UIInterfaceOrientationPortraitUpsideDown UIInterfaceOrientationLandscapeLeft UIInterfaceOrientationLandscapeRight";
				INFOPLIST_KEY_UISupportedInterfaceOrientations_iPhone = "UIInterfaceOrientationPortrait UIInterfaceOrientationLandscapeLeft UIInterfaceOrientationLandscapeRight";
				LD_RUNPATH_SEARCH_PATHS = (
					"$(inherited)",
					"@executable_path/Frameworks",
				);
				MARKETING_VERSION = 1.0;
				PRODUCT_BUNDLE_IDENTIFIER = com.agm.DoneIn21;
				PRODUCT_NAME = "$(TARGET_NAME)";
				SWIFT_EMIT_LOC_STRINGS = YES;
				SWIFT_VERSION = 5.0;
				TARGETED_DEVICE_FAMILY = "1,2";
			};
			name = Release;
		};
/* End XCBuildConfiguration section */

/* Begin XCConfigurationList section */
		512DC983282D9EBF0056C81A /* Build configuration list for PBXProject "experimentingwithUIkit" */ = {
			isa = XCConfigurationList;
			buildConfigurations = (
				512DC99A282D9EC00056C81A /* Debug */,
				512DC99B282D9EC00056C81A /* Release */,
			);
			defaultConfigurationIsVisible = 0;
			defaultConfigurationName = Release;
		};
		512DC99C282D9EC00056C81A /* Build configuration list for PBXNativeTarget "experimentingwithUIkit" */ = {
			isa = XCConfigurationList;
			buildConfigurations = (
				512DC99D282D9EC00056C81A /* Debug */,
				512DC99E282D9EC00056C81A /* Release */,
			);
			defaultConfigurationIsVisible = 0;
			defaultConfigurationName = Release;
		};
/* End XCConfigurationList section */
	};
	rootObject = 512DC980282D9EBF0056C81A /* Project object */;
}
